
Microsoft Visual Studio Solution File, Format Version 12.00
# Visual Studio Version 17
VisualStudioVersion = 17.4.33110.190
MinimumVisualStudioVersion = 10.0.40219.1
Project("{FAE04EC0-301F-11D3-BF4B-00C04F79EFBC}") = "BubbleSort", "BubbleSort.csproj", "{6BAA5923-A4AB-4E20-9F98-0DFB745B0DAD}"
EndProject
Global
	GlobalSection(SolutionConfigurationPlatforms) = preSolution
		Debug|Any CPU = Debug|Any CPU
		Release|Any CPU = Release|Any CPU
	EndGlobalSection
	GlobalSection(ProjectConfigurationPlatforms) = postSolution
		{6BAA5923-A4AB-4E20-9F98-0DFB745B0DAD}.Debug|Any CPU.ActiveCfg = Debug|Any CPU
		{6BAA5923-A4AB-4E20-9F98-0DFB745B0DAD}.Debug|Any CPU.Build.0 = Debug|Any CPU
		{6BAA5923-A4AB-4E20-9F98-0DFB745B0DAD}.Release|Any CPU.ActiveCfg = Release|Any CPU
		{6BAA5923-A4AB-4E20-9F98-0DFB745B0DAD}.Release|Any CPU.Build.0 = Release|Any CPU
	EndGlobalSection
	GlobalSection(SolutionProperties) = preSolution
		HideSolutionNode = FALSE
	EndGlobalSection
	GlobalSection(ExtensibilityGlobals) = postSolution
		SolutionGuid = {D17A3968-B3A9-464F-B3EB-F87341E30B8A}
	EndGlobalSection
EndGlobal
